
Microsoft Visual Studio Solution File, Format Version 12.00
# Visual Studio Version 17
VisualStudioVersion = 17.12.35514.174 d17.12
MinimumVisualStudioVersion = 10.0.40219.1
Project("{FAE04EC0-301F-11D3-BF4B-00C04F79EFBC}") = "GvasViewer", "GvasViewer\GvasViewer.csproj", "{49753581-DA37-4A1D-BD95-3740C1B28619}"
EndProject
Project("{FAE04EC0-301F-11D3-BF4B-00C04F79EFBC}") = "Gvas", "Gvas\Gvas.csproj", "{8164A23F-ED8D-4FD9-92FE-27CF7BDC2A5A}"
EndProject
Global
	GlobalSection(SolutionConfigurationPlatforms) = preSolution
		Debug|Any CPU = Debug|Any CPU
		Release|Any CPU = Release|Any CPU
	EndGlobalSection
	GlobalSection(ProjectConfigurationPlatforms) = postSolution
		{49753581-DA37-4A1D-BD95-3740C1B28619}.Debug|Any CPU.ActiveCfg = Debug|Any CPU
		{49753581-DA37-4A1D-BD95-3740C1B28619}.Debug|Any CPU.Build.0 = Debug|Any CPU
		{49753581-DA37-4A1D-BD95-3740C1B28619}.Release|Any CPU.ActiveCfg = Release|Any CPU
		{49753581-DA37-4A1D-BD95-3740C1B28619}.Release|Any CPU.Build.0 = Release|Any CPU
		{8164A23F-ED8D-4FD9-92FE-27CF7BDC2A5A}.Debug|Any CPU.ActiveCfg = Debug|Any CPU
		{8164A23F-ED8D-4FD9-92FE-27CF7BDC2A5A}.Debug|Any CPU.Build.0 = Debug|Any CPU
		{8164A23F-ED8D-4FD9-92FE-27CF7BDC2A5A}.Release|Any CPU.ActiveCfg = Release|Any CPU
		{8164A23F-ED8D-4FD9-92FE-27CF7BDC2A5A}.Release|Any CPU.Build.0 = Release|Any CPU
	EndGlobalSection
	GlobalSection(SolutionProperties) = preSolution
		HideSolutionNode = FALSE
	EndGlobalSection
EndGlobal
